// !$*UTF8*$!
{
	archiveVersion = 1;
	classes = {
	};
	objectVersion = 46;
	objects = {

/* Begin PBXBuildFile section */
		0717AA951B41E43100195527 /* magic_words.txt in Resources */ = {isa = PBXBuildFile; fileRef = 0717AA941B41E43100195527 /* magic_words.txt */; };
		0718D1DF1B24D96C004EC1D2 /* Images.xcassets in Resources */ = {isa = PBXBuildFile; fileRef = 0718D1DE1B24D96C004EC1D2 /* Images.xcassets */; };
		07597B3A1B1408BF006F6B5E /* abraData-coreDiceDictionary in Resources */ = {isa = PBXBuildFile; fileRef = 07597B391B1408BF006F6B5E /* abraData-coreDiceDictionary */; };
		075A1B261B4A1E4500ED6805 /* ABApprentice.m in Sources */ = {isa = PBXBuildFile; fileRef = 075A1B251B4A1E4500ED6805 /* ABApprentice.m */; };
		075A1B281B4A2DA100ED6805 /* spell_odds.txt in Resources */ = {isa = PBXBuildFile; fileRef = 075A1B271B4A2DA100ED6805 /* spell_odds.txt */; };
		075A1B2A1B4B13CD00ED6805 /* CoreData.framework in Frameworks */ = {isa = PBXBuildFile; fileRef = 075A1B291B4B13CD00ED6805 /* CoreData.framework */; };
		075A1B2D1B4B140600ED6805 /* ABCore_Data.xcdatamodeld in Sources */ = {isa = PBXBuildFile; fileRef = 075A1B2B1B4B140600ED6805 /* ABCore_Data.xcdatamodeld */; };
		075A1B321B4B32AF00ED6805 /* dice_const.txt in Resources */ = {isa = PBXBuildFile; fileRef = 075A1B311B4B32AF00ED6805 /* dice_const.txt */; };
		075B2AC71A917D7F00763915 /* ABData.m in Sources */ = {isa = PBXBuildFile; fileRef = 075B2AC51A917D7F00763915 /* ABData.m */; };
		075B2AC81A917D7F00763915 /* ABDice.m in Sources */ = {isa = PBXBuildFile; fileRef = 075B2AC61A917D7F00763915 /* ABDice.m */; };
		075B2AE41A992D9600763915 /* dice_errata.txt in Resources */ = {isa = PBXBuildFile; fileRef = 075B2AE31A992D9600763915 /* dice_errata.txt */; };
		075B2AEA1A9945D200763915 /* ABMutate.m in Sources */ = {isa = PBXBuildFile; fileRef = 075B2AE91A9945D200763915 /* ABMutate.m */; };
		075B2AF91A9ABC4B00763915 /* black_768x1024.png in Resources */ = {isa = PBXBuildFile; fileRef = 075B2AF21A9ABC4B00763915 /* black_768x1024.png */; };
		075B2AFA1A9ABC4B00763915 /* black_1024x768.png in Resources */ = {isa = PBXBuildFile; fileRef = 075B2AF31A9ABC4B00763915 /* black_1024x768.png */; };
		075B2AFB1A9ABC4B00763915 /* black_1536x2048.png in Resources */ = {isa = PBXBuildFile; fileRef = 075B2AF41A9ABC4B00763915 /* black_1536x2048.png */; };
		075B2AFC1A9ABC4B00763915 /* black_2048x1536.png in Resources */ = {isa = PBXBuildFile; fileRef = 075B2AF51A9ABC4B00763915 /* black_2048x1536.png */; };
		0763AFC81B4B792D00701E99 /* abra_twins.png in Resources */ = {isa = PBXBuildFile; fileRef = 0763AFC71B4B792D00701E99 /* abra_twins.png */; };
		07763B5E1B266CBE0074F28B /* ABModal.m in Sources */ = {isa = PBXBuildFile; fileRef = 07763B5D1B266CBE0074F28B /* ABModal.m */; };
		07763B601B2677A40074F28B /* clear_button.png in Resources */ = {isa = PBXBuildFile; fileRef = 07763B5F1B2677A40074F28B /* clear_button.png */; };
		07763B631B2773D20074F28B /* ABCadabra.m in Sources */ = {isa = PBXBuildFile; fileRef = 07763B621B2773D20074F28B /* ABCadabra.m */; };
		077668CA1B3F5D91002EFCE1 /* ABFlow.m in Sources */ = {isa = PBXBuildFile; fileRef = 077668C91B3F5D91002EFCE1 /* ABFlow.m */; };
		07A6E64F1B4230FD00A5231C /* Default@2x.png in Resources */ = {isa = PBXBuildFile; fileRef = 07A6E64D1B4230FD00A5231C /* Default@2x.png */; };
		07A6E6501B4230FD00A5231C /* Default-568h@2x.png in Resources */ = {isa = PBXBuildFile; fileRef = 07A6E64E1B4230FD00A5231C /* Default-568h@2x.png */; };
		07A6E6521B42320A00A5231C /* Default.png in Resources */ = {isa = PBXBuildFile; fileRef = 07A6E6511B42320A00A5231C /* Default.png */; };
		07AC9F361B40721A00DAB7FF /* EAB-splash-for-apps-2048.png in Resources */ = {isa = PBXBuildFile; fileRef = 07AC9F351B40721A00DAB7FF /* EAB-splash-for-apps-2048.png */; };
		07B3398F1B4BA32200D205C6 /* Icon-16.png in Resources */ = {isa = PBXBuildFile; fileRef = 07B339741B4BA32200D205C6 /* Icon-16.png */; };
		07B339901B4BA32200D205C6 /* Icon-24.png in Resources */ = {isa = PBXBuildFile; fileRef = 07B339751B4BA32200D205C6 /* Icon-24.png */; };
		07B339911B4BA32200D205C6 /* Icon-32.png in Resources */ = {isa = PBXBuildFile; fileRef = 07B339761B4BA32200D205C6 /* Icon-32.png */; };
		07B339921B4BA32200D205C6 /* Icon-40.png in Resources */ = {isa = PBXBuildFile; fileRef = 07B339771B4BA32200D205C6 /* Icon-40.png */; };
		07B339931B4BA32200D205C6 /* Icon-40@2x.png in Resources */ = {isa = PBXBuildFile; fileRef = 07B339781B4BA32200D205C6 /* Icon-40@2x.png */; };
		07B339941B4BA32200D205C6 /* Icon-60.png in Resources */ = {isa = PBXBuildFile; fileRef = 07B339791B4BA32200D205C6 /* Icon-60.png */; };
		07B339951B4BA32200D205C6 /* Icon-60@2x.png in Resources */ = {isa = PBXBuildFile; fileRef = 07B3397A1B4BA32200D205C6 /* Icon-60@2x.png */; };
		07B339961B4BA32200D205C6 /* Icon-60@3x.png in Resources */ = {isa = PBXBuildFile; fileRef = 07B3397B1B4BA32200D205C6 /* Icon-60@3x.png */; };
		07B339971B4BA32200D205C6 /* Icon-64.png in Resources */ = {isa = PBXBuildFile; fileRef = 07B3397C1B4BA32200D205C6 /* Icon-64.png */; };
		07B339981B4BA32200D205C6 /* Icon-72.png in Resources */ = {isa = PBXBuildFile; fileRef = 07B3397D1B4BA32200D205C6 /* Icon-72.png */; };
		07B339991B4BA32200D205C6 /* Icon-72@2x.png in Resources */ = {isa = PBXBuildFile; fileRef = 07B3397E1B4BA32200D205C6 /* Icon-72@2x.png */; };
		07B3399A1B4BA32200D205C6 /* Icon-76.png in Resources */ = {isa = PBXBuildFile; fileRef = 07B3397F1B4BA32200D205C6 /* Icon-76.png */; };
		07B3399B1B4BA32200D205C6 /* Icon-76@2x.png in Resources */ = {isa = PBXBuildFile; fileRef = 07B339801B4BA32200D205C6 /* Icon-76@2x.png */; };
		07B3399C1B4BA32200D205C6 /* Icon-120.png in Resources */ = {isa = PBXBuildFile; fileRef = 07B339811B4BA32200D205C6 /* Icon-120.png */; };
		07B3399D1B4BA32200D205C6 /* Icon-152.png in Resources */ = {isa = PBXBuildFile; fileRef = 07B339821B4BA32200D205C6 /* Icon-152.png */; };
		07B3399E1B4BA32200D205C6 /* Icon-Small-40.png in Resources */ = {isa = PBXBuildFile; fileRef = 07B339831B4BA32200D205C6 /* Icon-Small-40.png */; };
		07B3399F1B4BA32200D205C6 /* Icon-Small-40@2x.png in Resources */ = {isa = PBXBuildFile; fileRef = 07B339841B4BA32200D205C6 /* Icon-Small-40@2x.png */; };
		07B339A01B4BA32200D205C6 /* Icon-Small-40@3x.png in Resources */ = {isa = PBXBuildFile; fileRef = 07B339851B4BA32200D205C6 /* Icon-Small-40@3x.png */; };
		07B339A11B4BA32200D205C6 /* Icon-Small-50.png in Resources */ = {isa = PBXBuildFile; fileRef = 07B339861B4BA32200D205C6 /* Icon-Small-50.png */; };
		07B339A21B4BA32200D205C6 /* Icon-Small-50@2x.png in Resources */ = {isa = PBXBuildFile; fileRef = 07B339871B4BA32200D205C6 /* Icon-Small-50@2x.png */; };
		07B339A31B4BA32200D205C6 /* Icon-Small.png in Resources */ = {isa = PBXBuildFile; fileRef = 07B339881B4BA32200D205C6 /* Icon-Small.png */; };
		07B339A41B4BA32200D205C6 /* Icon-Small@2x.png in Resources */ = {isa = PBXBuildFile; fileRef = 07B339891B4BA32200D205C6 /* Icon-Small@2x.png */; };
		07B339A51B4BA32200D205C6 /* Icon-Small@3x.png in Resources */ = {isa = PBXBuildFile; fileRef = 07B3398A1B4BA32200D205C6 /* Icon-Small@3x.png */; };
		07B339A61B4BA32200D205C6 /* Icon.png in Resources */ = {isa = PBXBuildFile; fileRef = 07B3398B1B4BA32200D205C6 /* Icon.png */; };
		07B339A71B4BA32200D205C6 /* Icon@2x.png in Resources */ = {isa = PBXBuildFile; fileRef = 07B3398C1B4BA32200D205C6 /* Icon@2x.png */; };
		07B339A81B4BA32200D205C6 /* iTunesArtwork.png in Resources */ = {isa = PBXBuildFile; fileRef = 07B3398D1B4BA32200D205C6 /* iTunesArtwork.png */; };
		07B339A91B4BA32200D205C6 /* iTunesArtwork@2x.png in Resources */ = {isa = PBXBuildFile; fileRef = 07B3398E1B4BA32200D205C6 /* iTunesArtwork@2x.png */; };
		07B339AC1B4C4A0C00D205C6 /* NSString+ABExtras.m in Sources */ = {isa = PBXBuildFile; fileRef = 07B339AB1B4C4A0C00D205C6 /* NSString+ABExtras.m */; };
		07B339AF1B4C5CFB00D205C6 /* ABModalContent.m in Sources */ = {isa = PBXBuildFile; fileRef = 07B339AE1B4C5CFB00D205C6 /* ABModalContent.m */; };
		07B339BF1B4DFF9700D205C6 /* NSString+Tokenize.m in Sources */ = {isa = PBXBuildFile; fileRef = 07B339BE1B4DFF9700D205C6 /* NSString+Tokenize.m */; };
		07B339C31B4F313900D205C6 /* abra_emboss_sub.png in Resources */ = {isa = PBXBuildFile; fileRef = 07B339C21B4F313900D205C6 /* abra_emboss_sub.png */; };
		07B339C61B4F349300D205C6 /* artists_book_ipad.png in Resources */ = {isa = PBXBuildFile; fileRef = 07B339C41B4F349300D205C6 /* artists_book_ipad.png */; };
		07B339C71B4F349300D205C6 /* artists_book_iphone.png in Resources */ = {isa = PBXBuildFile; fileRef = 07B339C51B4F349300D205C6 /* artists_book_iphone.png */; };
		07B339CB1B4F4BA000D205C6 /* abra_logos_12.png in Resources */ = {isa = PBXBuildFile; fileRef = 07B339CA1B4F4BA000D205C6 /* abra_logos_12.png */; };
		07B339CD1B519CD100D205C6 /* EAB-splash-for-apps-2208.png in Resources */ = {isa = PBXBuildFile; fileRef = 07B339CC1B519CD100D205C6 /* EAB-splash-for-apps-2208.png */; };
		07B339CF1B519E9000D205C6 /* EAB-splash-for-apps-1242.png in Resources */ = {isa = PBXBuildFile; fileRef = 07B339CE1B519E9000D205C6 /* EAB-splash-for-apps-1242.png */; };
		07B339D11B519EBA00D205C6 /* EAB-splash-for-apps-750.png in Resources */ = {isa = PBXBuildFile; fileRef = 07B339D01B519EBA00D205C6 /* EAB-splash-for-apps-750.png */; };
		07B339D31B51A2E500D205C6 /* EAB-splash-for-apps-1024.png in Resources */ = {isa = PBXBuildFile; fileRef = 07B339D21B51A2E500D205C6 /* EAB-splash-for-apps-1024.png */; };
		07B339D91B51A62300D205C6 /* DefaultLandscape-568h@2x.png in Resources */ = {isa = PBXBuildFile; fileRef = 07B339D61B51A62300D205C6 /* DefaultLandscape-568h@2x.png */; };
		07B339DA1B51A62300D205C6 /* DefaultLandscape.png in Resources */ = {isa = PBXBuildFile; fileRef = 07B339D71B51A62300D205C6 /* DefaultLandscape.png */; };
		07B339DB1B51A62300D205C6 /* DefaultLandscape@2x.png in Resources */ = {isa = PBXBuildFile; fileRef = 07B339D81B51A62300D205C6 /* DefaultLandscape@2x.png */; };
		07B7D29A19AECE6A001194FD /* iCarousel.m in Sources */ = {isa = PBXBuildFile; fileRef = 07B7D29919AECE6A001194FD /* iCarousel.m */; };
		07BF3FDB1B25ED7800B1D977 /* ABIcon.m in Sources */ = {isa = PBXBuildFile; fileRef = 07BF3FDA1B25ED7800B1D977 /* ABIcon.m */; };
		07BF3FDE1B25F39100B1D977 /* ABIconBar.m in Sources */ = {isa = PBXBuildFile; fileRef = 07BF3FDD1B25F39100B1D977 /* ABIconBar.m */; };
		07C9242F19B56E0A00CCFC9C /* dice.txt in Resources */ = {isa = PBXBuildFile; fileRef = 07C9242E19B56E0A00CCFC9C /* dice.txt */; };
		07CC54F91C418707009976E5 /* words_greek.txt in Resources */ = {isa = PBXBuildFile; fileRef = 07CC54F81C418707009976E5 /* words_greek.txt */; };
		07CC54FB1C4194E7009976E5 /* abraData-greek in Resources */ = {isa = PBXBuildFile; fileRef = 07CC54FA1C4194E7009976E5 /* abraData-greek */; };
		07CC55021C41AA90009976E5 /* EmojiHelper.m in Sources */ = {isa = PBXBuildFile; fileRef = 07CC54FD1C41AA90009976E5 /* EmojiHelper.m */; };
		07CC55031C41AA90009976E5 /* MyEmoji.m in Sources */ = {isa = PBXBuildFile; fileRef = 07CC54FF1C41AA90009976E5 /* MyEmoji.m */; };
		07CC55041C41AA90009976E5 /* MyEmojiCategory.m in Sources */ = {isa = PBXBuildFile; fileRef = 07CC55011C41AA90009976E5 /* MyEmojiCategory.m */; };
		07CC55061C41BD9A009976E5 /* Icon-83.5@2x.png in Resources */ = {isa = PBXBuildFile; fileRef = 07CC55051C41BD9A009976E5 /* Icon-83.5@2x.png */; };
		07D1EA011B31E89B00DD0B5F /* libsqlite3.dylib in Frameworks */ = {isa = PBXBuildFile; fileRef = 07D1EA001B31E89B00DD0B5F /* libsqlite3.dylib */; };
		07D1EA0A1B38EFDA00DD0B5F /* ABEmoji.m in Sources */ = {isa = PBXBuildFile; fileRef = 07D1EA091B38EFDA00DD0B5F /* ABEmoji.m */; };
		A1110549E1C24A4CBFD6C0DB /* libPods-Abra.a in Frameworks */ = {isa = PBXBuildFile; fileRef = 84407B0D15CE45E5804EAEEE /* libPods-Abra.a */; };
		C604FA071850F7790076CC96 /* ABScript.m in Sources */ = {isa = PBXBuildFile; fileRef = C604FA061850F7790076CC96 /* ABScript.m */; };
		C604FA0C1850FA5F0076CC96 /* script.txt in Resources */ = {isa = PBXBuildFile; fileRef = C604FA0B1850FA5F0076CC96 /* script.txt */; };
		C605E2011888C99A007770E2 /* IMFeFlow1.otf in Resources */ = {isa = PBXBuildFile; fileRef = C605E1FF1888C99A007770E2 /* IMFeFlow1.otf */; };
		C605E2021888C99A007770E2 /* IMFeFlow2.otf in Resources */ = {isa = PBXBuildFile; fileRef = C605E2001888C99A007770E2 /* IMFeFlow2.otf */; };
		C60EB08A18A5E9340090BBEB /* ABScriptWord.m in Sources */ = {isa = PBXBuildFile; fileRef = C60EB08918A5E9340090BBEB /* ABScriptWord.m */; };
		C619F5F8185A55690073DD32 /* ABMatch.m in Sources */ = {isa = PBXBuildFile; fileRef = C619F5F7185A55690073DD32 /* ABMatch.m */; };
		C63DF2EA18A31861002D1EC4 /* ABGestureArrow.m in Sources */ = {isa = PBXBuildFile; fileRef = C63DF2E918A31861002D1EC4 /* ABGestureArrow.m */; };
		C6446D271879F04200CFAA20 /* FeGPit27C.otf in Resources */ = {isa = PBXBuildFile; fileRef = C6446D251879F04200CFAA20 /* FeGPit27C.otf */; };
		C6446D281879F04200CFAA20 /* FeGPrm27C.otf in Resources */ = {isa = PBXBuildFile; fileRef = C6446D261879F04200CFAA20 /* FeGPrm27C.otf */; };
		C6591B2A185D1B9E001144FC /* ABState.m in Sources */ = {isa = PBXBuildFile; fileRef = C6591B29185D1B9E001144FC /* ABState.m */; };
		C6591B2D185D258F001144FC /* ABConstants.m in Sources */ = {isa = PBXBuildFile; fileRef = C6591B2C185D258F001144FC /* ABConstants.m */; };
		C68B9ECF185FAF96007D2BDB /* libz.dylib in Frameworks */ = {isa = PBXBuildFile; fileRef = C68B9ECE185FAF96007D2BDB /* libz.dylib */; };
		C68B9ED118615C7B007D2BDB /* word_list.txt in Resources */ = {isa = PBXBuildFile; fileRef = C68B9ED018615C7B007D2BDB /* word_list.txt */; };
		C6A8B02B18B9A628001D3C01 /* ABBlackCurtain.m in Sources */ = {isa = PBXBuildFile; fileRef = C6A8B02A18B9A628001D3C01 /* ABBlackCurtain.m */; };
		C6A8B02F18BAB0EC001D3C01 /* ABUI.m in Sources */ = {isa = PBXBuildFile; fileRef = C6A8B02E18BAB0EC001D3C01 /* ABUI.m */; };
		C6A9D9D9187B40D20087F956 /* QuartzCore.framework in Frameworks */ = {isa = PBXBuildFile; fileRef = C6A9D9D8187B40D20087F956 /* QuartzCore.framework */; };
		C6A9D9DF187C5FBD0087F956 /* ABClock.m in Sources */ = {isa = PBXBuildFile; fileRef = C6A9D9DE187C5FBD0087F956 /* ABClock.m */; };
		C6E739F7184BED4600A2A5C3 /* UIKit.framework in Frameworks */ = {isa = PBXBuildFile; fileRef = C6E739F6184BED4600A2A5C3 /* UIKit.framework */; };
		C6E739F9184BED4600A2A5C3 /* Foundation.framework in Frameworks */ = {isa = PBXBuildFile; fileRef = C6E739F8184BED4600A2A5C3 /* Foundation.framework */; };
		C6E739FB184BED4600A2A5C3 /* CoreGraphics.framework in Frameworks */ = {isa = PBXBuildFile; fileRef = C6E739FA184BED4600A2A5C3 /* CoreGraphics.framework */; };
		C6E73A01184BED4600A2A5C3 /* InfoPlist.strings in Resources */ = {isa = PBXBuildFile; fileRef = C6E739FF184BED4600A2A5C3 /* InfoPlist.strings */; };
		C6E73A03184BED4600A2A5C3 /* main.m in Sources */ = {isa = PBXBuildFile; fileRef = C6E73A02184BED4600A2A5C3 /* main.m */; };
		C6E73A07184BED4600A2A5C3 /* ABAppDelegate.m in Sources */ = {isa = PBXBuildFile; fileRef = C6E73A06184BED4600A2A5C3 /* ABAppDelegate.m */; };
		C6E73A10184BED4600A2A5C3 /* MainStoryboard.storyboard in Resources */ = {isa = PBXBuildFile; fileRef = C6E73A0E184BED4600A2A5C3 /* MainStoryboard.storyboard */; };
		C6E73A13184BED4600A2A5C3 /* ABMainViewController.m in Sources */ = {isa = PBXBuildFile; fileRef = C6E73A12184BED4600A2A5C3 /* ABMainViewController.m */; };
		C6E73A1E184BFA7400A2A5C3 /* ABWord.m in Sources */ = {isa = PBXBuildFile; fileRef = C6E73A1D184BFA7400A2A5C3 /* ABWord.m */; };
		C6F76F8B1851220A00BCFAF3 /* ABLine.m in Sources */ = {isa = PBXBuildFile; fileRef = C6F76F8A1851220A00BCFAF3 /* ABLine.m */; };
/* End PBXBuildFile section */

/* Begin PBXFileReference section */
		03D01643C5EB0DC7B45A27D7 /* Pods-Abra.release.xcconfig */ = {isa = PBXFileReference; includeInIndex = 1; lastKnownFileType = text.xcconfig; name = "Pods-Abra.release.xcconfig"; path = "Pods/Target Support Files/Pods-Abra/Pods-Abra.release.xcconfig"; sourceTree = "<group>"; };
		0717AA941B41E43100195527 /* magic_words.txt */ = {isa = PBXFileReference; fileEncoding = 4; lastKnownFileType = text; path = magic_words.txt; sourceTree = "<group>"; };
		0718D1DE1B24D96C004EC1D2 /* Images.xcassets */ = {isa = PBXFileReference; lastKnownFileType = folder.assetcatalog; path = Images.xcassets; sourceTree = "<group>"; };
		07597B391B1408BF006F6B5E /* abraData-coreDiceDictionary */ = {isa = PBXFileReference; lastKnownFileType = file.bplist; path = "abraData-coreDiceDictionary"; sourceTree = "<group>"; };
		075A1B241B4A1E4500ED6805 /* ABApprentice.h */ = {isa = PBXFileReference; fileEncoding = 4; lastKnownFileType = sourcecode.c.h; path = ABApprentice.h; sourceTree = "<group>"; };
		075A1B251B4A1E4500ED6805 /* ABApprentice.m */ = {isa = PBXFileReference; fileEncoding = 4; lastKnownFileType = sourcecode.c.objc; path = ABApprentice.m; sourceTree = "<group>"; };
		075A1B271B4A2DA100ED6805 /* spell_odds.txt */ = {isa = PBXFileReference; fileEncoding = 4; lastKnownFileType = text; path = spell_odds.txt; sourceTree = "<group>"; };
		075A1B291B4B13CD00ED6805 /* CoreData.framework */ = {isa = PBXFileReference; lastKnownFileType = wrapper.framework; name = CoreData.framework; path = System/Library/Frameworks/CoreData.framework; sourceTree = SDKROOT; };
		075A1B2C1B4B140600ED6805 /* ABCore_Data.xcdatamodel */ = {isa = PBXFileReference; lastKnownFileType = wrapper.xcdatamodel; path = ABCore_Data.xcdatamodel; sourceTree = "<group>"; };
		075A1B311B4B32AF00ED6805 /* dice_const.txt */ = {isa = PBXFileReference; fileEncoding = 4; lastKnownFileType = text; path = dice_const.txt; sourceTree = "<group>"; };
		075B2AC41A917D7F00763915 /* ABData.h */ = {isa = PBXFileReference; fileEncoding = 4; lastKnownFileType = sourcecode.c.h; path = ABData.h; sourceTree = "<group>"; };
		075B2AC51A917D7F00763915 /* ABData.m */ = {isa = PBXFileReference; fileEncoding = 4; lastKnownFileType = sourcecode.c.objc; path = ABData.m; sourceTree = "<group>"; };
		075B2AC61A917D7F00763915 /* ABDice.m */ = {isa = PBXFileReference; fileEncoding = 4; lastKnownFileType = sourcecode.c.objc; path = ABDice.m; sourceTree = "<group>"; };
		075B2AE31A992D9600763915 /* dice_errata.txt */ = {isa = PBXFileReference; fileEncoding = 4; lastKnownFileType = text; path = dice_errata.txt; sourceTree = "<group>"; };
		075B2AE81A9945D200763915 /* ABMutate.h */ = {isa = PBXFileReference; fileEncoding = 4; lastKnownFileType = sourcecode.c.h; path = ABMutate.h; sourceTree = "<group>"; };
		075B2AE91A9945D200763915 /* ABMutate.m */ = {isa = PBXFileReference; fileEncoding = 4; lastKnownFileType = sourcecode.c.objc; path = ABMutate.m; sourceTree = "<group>"; };
		075B2AF21A9ABC4B00763915 /* black_768x1024.png */ = {isa = PBXFileReference; lastKnownFileType = image.png; path = black_768x1024.png; sourceTree = "<group>"; };
		075B2AF31A9ABC4B00763915 /* black_1024x768.png */ = {isa = PBXFileReference; lastKnownFileType = image.png; path = black_1024x768.png; sourceTree = "<group>"; };
		075B2AF41A9ABC4B00763915 /* black_1536x2048.png */ = {isa = PBXFileReference; lastKnownFileType = image.png; path = black_1536x2048.png; sourceTree = "<group>"; };
		075B2AF51A9ABC4B00763915 /* black_2048x1536.png */ = {isa = PBXFileReference; lastKnownFileType = image.png; path = black_2048x1536.png; sourceTree = "<group>"; };
		0763AFC71B4B792D00701E99 /* abra_twins.png */ = {isa = PBXFileReference; lastKnownFileType = image.png; path = abra_twins.png; sourceTree = "<group>"; };
		07763B5C1B266CBE0074F28B /* ABModal.h */ = {isa = PBXFileReference; fileEncoding = 4; lastKnownFileType = sourcecode.c.h; path = ABModal.h; sourceTree = "<group>"; };
		07763B5D1B266CBE0074F28B /* ABModal.m */ = {isa = PBXFileReference; fileEncoding = 4; lastKnownFileType = sourcecode.c.objc; path = ABModal.m; sourceTree = "<group>"; };
		07763B5F1B2677A40074F28B /* clear_button.png */ = {isa = PBXFileReference; lastKnownFileType = image.png; path = clear_button.png; sourceTree = "<group>"; };
		07763B611B2773D20074F28B /* ABCadabra.h */ = {isa = PBXFileReference; fileEncoding = 4; lastKnownFileType = sourcecode.c.h; path = ABCadabra.h; sourceTree = "<group>"; };
		07763B621B2773D20074F28B /* ABCadabra.m */ = {isa = PBXFileReference; fileEncoding = 4; lastKnownFileType = sourcecode.c.objc; path = ABCadabra.m; sourceTree = "<group>"; };
		077668C81B3F5D91002EFCE1 /* ABFlow.h */ = {isa = PBXFileReference; fileEncoding = 4; lastKnownFileType = sourcecode.c.h; path = ABFlow.h; sourceTree = "<group>"; };
		077668C91B3F5D91002EFCE1 /* ABFlow.m */ = {isa = PBXFileReference; fileEncoding = 4; lastKnownFileType = sourcecode.c.objc; path = ABFlow.m; sourceTree = "<group>"; };
		07A1A7E81A9AE4B60047F7F3 /* emojis.h */ = {isa = PBXFileReference; lastKnownFileType = sourcecode.c.h; path = emojis.h; sourceTree = "<group>"; };
		07A6E64D1B4230FD00A5231C /* Default@2x.png */ = {isa = PBXFileReference; lastKnownFileType = image.png; path = "Default@2x.png"; sourceTree = "<group>"; };
		07A6E64E1B4230FD00A5231C /* Default-568h@2x.png */ = {isa = PBXFileReference; lastKnownFileType = image.png; path = "Default-568h@2x.png"; sourceTree = "<group>"; };
		07A6E6511B42320A00A5231C /* Default.png */ = {isa = PBXFileReference; lastKnownFileType = image.png; path = Default.png; sourceTree = "<group>"; };
		07AC9F351B40721A00DAB7FF /* EAB-splash-for-apps-2048.png */ = {isa = PBXFileReference; lastKnownFileType = image.png; path = "EAB-splash-for-apps-2048.png"; sourceTree = "<group>"; };
		07B339741B4BA32200D205C6 /* Icon-16.png */ = {isa = PBXFileReference; lastKnownFileType = image.png; path = "Icon-16.png"; sourceTree = "<group>"; };
		07B339751B4BA32200D205C6 /* Icon-24.png */ = {isa = PBXFileReference; lastKnownFileType = image.png; path = "Icon-24.png"; sourceTree = "<group>"; };
		07B339761B4BA32200D205C6 /* Icon-32.png */ = {isa = PBXFileReference; lastKnownFileType = image.png; path = "Icon-32.png"; sourceTree = "<group>"; };
		07B339771B4BA32200D205C6 /* Icon-40.png */ = {isa = PBXFileReference; lastKnownFileType = image.png; path = "Icon-40.png"; sourceTree = "<group>"; };
		07B339781B4BA32200D205C6 /* Icon-40@2x.png */ = {isa = PBXFileReference; lastKnownFileType = image.png; path = "Icon-40@2x.png"; sourceTree = "<group>"; };
		07B339791B4BA32200D205C6 /* Icon-60.png */ = {isa = PBXFileReference; lastKnownFileType = image.png; path = "Icon-60.png"; sourceTree = "<group>"; };
		07B3397A1B4BA32200D205C6 /* Icon-60@2x.png */ = {isa = PBXFileReference; lastKnownFileType = image.png; path = "Icon-60@2x.png"; sourceTree = "<group>"; };
		07B3397B1B4BA32200D205C6 /* Icon-60@3x.png */ = {isa = PBXFileReference; lastKnownFileType = image.png; path = "Icon-60@3x.png"; sourceTree = "<group>"; };
		07B3397C1B4BA32200D205C6 /* Icon-64.png */ = {isa = PBXFileReference; lastKnownFileType = image.png; path = "Icon-64.png"; sourceTree = "<group>"; };
		07B3397D1B4BA32200D205C6 /* Icon-72.png */ = {isa = PBXFileReference; lastKnownFileType = image.png; path = "Icon-72.png"; sourceTree = "<group>"; };
		07B3397E1B4BA32200D205C6 /* Icon-72@2x.png */ = {isa = PBXFileReference; lastKnownFileType = image.png; path = "Icon-72@2x.png"; sourceTree = "<group>"; };
		07B3397F1B4BA32200D205C6 /* Icon-76.png */ = {isa = PBXFileReference; lastKnownFileType = image.png; path = "Icon-76.png"; sourceTree = "<group>"; };
		07B339801B4BA32200D205C6 /* Icon-76@2x.png */ = {isa = PBXFileReference; lastKnownFileType = image.png; path = "Icon-76@2x.png"; sourceTree = "<group>"; };
		07B339811B4BA32200D205C6 /* Icon-120.png */ = {isa = PBXFileReference; lastKnownFileType = image.png; path = "Icon-120.png"; sourceTree = "<group>"; };
		07B339821B4BA32200D205C6 /* Icon-152.png */ = {isa = PBXFileReference; lastKnownFileType = image.png; path = "Icon-152.png"; sourceTree = "<group>"; };
		07B339831B4BA32200D205C6 /* Icon-Small-40.png */ = {isa = PBXFileReference; lastKnownFileType = image.png; path = "Icon-Small-40.png"; sourceTree = "<group>"; };
		07B339841B4BA32200D205C6 /* Icon-Small-40@2x.png */ = {isa = PBXFileReference; lastKnownFileType = image.png; path = "Icon-Small-40@2x.png"; sourceTree = "<group>"; };
		07B339851B4BA32200D205C6 /* Icon-Small-40@3x.png */ = {isa = PBXFileReference; lastKnownFileType = image.png; path = "Icon-Small-40@3x.png"; sourceTree = "<group>"; };
		07B339861B4BA32200D205C6 /* Icon-Small-50.png */ = {isa = PBXFileReference; lastKnownFileType = image.png; path = "Icon-Small-50.png"; sourceTree = "<group>"; };
		07B339871B4BA32200D205C6 /* Icon-Small-50@2x.png */ = {isa = PBXFileReference; lastKnownFileType = image.png; path = "Icon-Small-50@2x.png"; sourceTree = "<group>"; };
		07B339881B4BA32200D205C6 /* Icon-Small.png */ = {isa = PBXFileReference; lastKnownFileType = image.png; path = "Icon-Small.png"; sourceTree = "<group>"; };
		07B339891B4BA32200D205C6 /* Icon-Small@2x.png */ = {isa = PBXFileReference; lastKnownFileType = image.png; path = "Icon-Small@2x.png"; sourceTree = "<group>"; };
		07B3398A1B4BA32200D205C6 /* Icon-Small@3x.png */ = {isa = PBXFileReference; lastKnownFileType = image.png; path = "Icon-Small@3x.png"; sourceTree = "<group>"; };
		07B3398B1B4BA32200D205C6 /* Icon.png */ = {isa = PBXFileReference; lastKnownFileType = image.png; path = Icon.png; sourceTree = "<group>"; };
		07B3398C1B4BA32200D205C6 /* Icon@2x.png */ = {isa = PBXFileReference; lastKnownFileType = image.png; path = "Icon@2x.png"; sourceTree = "<group>"; };
		07B3398D1B4BA32200D205C6 /* iTunesArtwork.png */ = {isa = PBXFileReference; lastKnownFileType = image.png; path = iTunesArtwork.png; sourceTree = "<group>"; };
		07B3398E1B4BA32200D205C6 /* iTunesArtwork@2x.png */ = {isa = PBXFileReference; lastKnownFileType = image.png; path = "iTunesArtwork@2x.png"; sourceTree = "<group>"; };
		07B339AA1B4C4A0C00D205C6 /* NSString+ABExtras.h */ = {isa = PBXFileReference; fileEncoding = 4; lastKnownFileType = sourcecode.c.h; path = "NSString+ABExtras.h"; sourceTree = "<group>"; };
		07B339AB1B4C4A0C00D205C6 /* NSString+ABExtras.m */ = {isa = PBXFileReference; fileEncoding = 4; lastKnownFileType = sourcecode.c.objc; path = "NSString+ABExtras.m"; sourceTree = "<group>"; };
		07B339AD1B4C5CFB00D205C6 /* ABModalContent.h */ = {isa = PBXFileReference; fileEncoding = 4; lastKnownFileType = sourcecode.c.h; path = ABModalContent.h; sourceTree = "<group>"; };
		07B339AE1B4C5CFB00D205C6 /* ABModalContent.m */ = {isa = PBXFileReference; fileEncoding = 4; lastKnownFileType = sourcecode.c.objc; path = ABModalContent.m; sourceTree = "<group>"; };
		07B339BD1B4DFF9700D205C6 /* NSString+Tokenize.h */ = {isa = PBXFileReference; fileEncoding = 4; lastKnownFileType = sourcecode.c.h; path = "NSString+Tokenize.h"; sourceTree = "<group>"; };
		07B339BE1B4DFF9700D205C6 /* NSString+Tokenize.m */ = {isa = PBXFileReference; fileEncoding = 4; lastKnownFileType = sourcecode.c.objc; path = "NSString+Tokenize.m"; sourceTree = "<group>"; };
		07B339C21B4F313900D205C6 /* abra_emboss_sub.png */ = {isa = PBXFileReference; lastKnownFileType = image.png; path = abra_emboss_sub.png; sourceTree = "<group>"; };
		07B339C41B4F349300D205C6 /* artists_book_ipad.png */ = {isa = PBXFileReference; lastKnownFileType = image.png; path = artists_book_ipad.png; sourceTree = "<group>"; };
		07B339C51B4F349300D205C6 /* artists_book_iphone.png */ = {isa = PBXFileReference; lastKnownFileType = image.png; path = artists_book_iphone.png; sourceTree = "<group>"; };
		07B339CA1B4F4BA000D205C6 /* abra_logos_12.png */ = {isa = PBXFileReference; lastKnownFileType = image.png; path = abra_logos_12.png; sourceTree = "<group>"; };
		07B339CC1B519CD100D205C6 /* EAB-splash-for-apps-2208.png */ = {isa = PBXFileReference; lastKnownFileType = image.png; path = "EAB-splash-for-apps-2208.png"; sourceTree = "<group>"; };
		07B339CE1B519E9000D205C6 /* EAB-splash-for-apps-1242.png */ = {isa = PBXFileReference; lastKnownFileType = image.png; path = "EAB-splash-for-apps-1242.png"; sourceTree = "<group>"; };
		07B339D01B519EBA00D205C6 /* EAB-splash-for-apps-750.png */ = {isa = PBXFileReference; lastKnownFileType = image.png; path = "EAB-splash-for-apps-750.png"; sourceTree = "<group>"; };
		07B339D21B51A2E500D205C6 /* EAB-splash-for-apps-1024.png */ = {isa = PBXFileReference; lastKnownFileType = image.png; path = "EAB-splash-for-apps-1024.png"; sourceTree = "<group>"; };
		07B339D61B51A62300D205C6 /* DefaultLandscape-568h@2x.png */ = {isa = PBXFileReference; lastKnownFileType = image.png; path = "DefaultLandscape-568h@2x.png"; sourceTree = "<group>"; };
		07B339D71B51A62300D205C6 /* DefaultLandscape.png */ = {isa = PBXFileReference; lastKnownFileType = image.png; path = DefaultLandscape.png; sourceTree = "<group>"; };
		07B339D81B51A62300D205C6 /* DefaultLandscape@2x.png */ = {isa = PBXFileReference; lastKnownFileType = image.png; path = "DefaultLandscape@2x.png"; sourceTree = "<group>"; };
		07B7D29819AECE6A001194FD /* iCarousel.h */ = {isa = PBXFileReference; fileEncoding = 4; lastKnownFileType = sourcecode.c.h; path = iCarousel.h; sourceTree = "<group>"; };
		07B7D29919AECE6A001194FD /* iCarousel.m */ = {isa = PBXFileReference; fileEncoding = 4; lastKnownFileType = sourcecode.c.objc; path = iCarousel.m; sourceTree = "<group>"; };
		07BF3FD71B250CD800B1D977 /* ABDice.h */ = {isa = PBXFileReference; lastKnownFileType = sourcecode.c.h; path = ABDice.h; sourceTree = "<group>"; };
		07BF3FD91B25ED7800B1D977 /* ABIcon.h */ = {isa = PBXFileReference; fileEncoding = 4; lastKnownFileType = sourcecode.c.h; path = ABIcon.h; sourceTree = "<group>"; };
		07BF3FDA1B25ED7800B1D977 /* ABIcon.m */ = {isa = PBXFileReference; fileEncoding = 4; lastKnownFileType = sourcecode.c.objc; path = ABIcon.m; sourceTree = "<group>"; };
		07BF3FDC1B25F39100B1D977 /* ABIconBar.h */ = {isa = PBXFileReference; fileEncoding = 4; lastKnownFileType = sourcecode.c.h; path = ABIconBar.h; sourceTree = "<group>"; };
		07BF3FDD1B25F39100B1D977 /* ABIconBar.m */ = {isa = PBXFileReference; fileEncoding = 4; lastKnownFileType = sourcecode.c.objc; path = ABIconBar.m; sourceTree = "<group>"; };
		07C9242E19B56E0A00CCFC9C /* dice.txt */ = {isa = PBXFileReference; fileEncoding = 4; lastKnownFileType = text; path = dice.txt; sourceTree = "<group>"; };
		07CC54F81C418707009976E5 /* words_greek.txt */ = {isa = PBXFileReference; fileEncoding = 4; lastKnownFileType = text; path = words_greek.txt; sourceTree = "<group>"; };
		07CC54FA1C4194E7009976E5 /* abraData-greek */ = {isa = PBXFileReference; lastKnownFileType = file.bplist; path = "abraData-greek"; sourceTree = "<group>"; };
		07CC54FC1C41AA90009976E5 /* EmojiHelper.h */ = {isa = PBXFileReference; fileEncoding = 4; lastKnownFileType = sourcecode.c.h; name = EmojiHelper.h; path = ../EmojiHelper.h; sourceTree = "<group>"; };
		07CC54FD1C41AA90009976E5 /* EmojiHelper.m */ = {isa = PBXFileReference; fileEncoding = 4; lastKnownFileType = sourcecode.c.objc; name = EmojiHelper.m; path = ../EmojiHelper.m; sourceTree = "<group>"; };
		07CC54FE1C41AA90009976E5 /* MyEmoji.h */ = {isa = PBXFileReference; fileEncoding = 4; lastKnownFileType = sourcecode.c.h; name = MyEmoji.h; path = ../MyEmoji.h; sourceTree = "<group>"; };
		07CC54FF1C41AA90009976E5 /* MyEmoji.m */ = {isa = PBXFileReference; fileEncoding = 4; lastKnownFileType = sourcecode.c.objc; name = MyEmoji.m; path = ../MyEmoji.m; sourceTree = "<group>"; };
		07CC55001C41AA90009976E5 /* MyEmojiCategory.h */ = {isa = PBXFileReference; fileEncoding = 4; lastKnownFileType = sourcecode.c.h; name = MyEmojiCategory.h; path = ../MyEmojiCategory.h; sourceTree = "<group>"; };
		07CC55011C41AA90009976E5 /* MyEmojiCategory.m */ = {isa = PBXFileReference; fileEncoding = 4; lastKnownFileType = sourcecode.c.objc; name = MyEmojiCategory.m; path = ../MyEmojiCategory.m; sourceTree = "<group>"; };
		07CC55051C41BD9A009976E5 /* Icon-83.5@2x.png */ = {isa = PBXFileReference; lastKnownFileType = image.png; path = "Icon-83.5@2x.png"; sourceTree = "<group>"; };
		07D1EA001B31E89B00DD0B5F /* libsqlite3.dylib */ = {isa = PBXFileReference; lastKnownFileType = "compiled.mach-o.dylib"; name = libsqlite3.dylib; path = usr/lib/libsqlite3.dylib; sourceTree = SDKROOT; };
		07D1EA081B38EFDA00DD0B5F /* ABEmoji.h */ = {isa = PBXFileReference; fileEncoding = 4; lastKnownFileType = sourcecode.c.h; path = ABEmoji.h; sourceTree = "<group>"; };
		07D1EA091B38EFDA00DD0B5F /* ABEmoji.m */ = {isa = PBXFileReference; fileEncoding = 4; lastKnownFileType = sourcecode.c.objc; path = ABEmoji.m; sourceTree = "<group>"; };
		84407B0D15CE45E5804EAEEE /* libPods-Abra.a */ = {isa = PBXFileReference; explicitFileType = archive.ar; includeInIndex = 0; path = "libPods-Abra.a"; sourceTree = BUILT_PRODUCTS_DIR; };
		86BA78A39E5E2AD47EE37330 /* Pods-Abra.debug.xcconfig */ = {isa = PBXFileReference; includeInIndex = 1; lastKnownFileType = text.xcconfig; name = "Pods-Abra.debug.xcconfig"; path = "Pods/Target Support Files/Pods-Abra/Pods-Abra.debug.xcconfig"; sourceTree = "<group>"; };
		C604FA051850F7790076CC96 /* ABScript.h */ = {isa = PBXFileReference; fileEncoding = 4; lastKnownFileType = sourcecode.c.h; path = ABScript.h; sourceTree = "<group>"; };
		C604FA061850F7790076CC96 /* ABScript.m */ = {isa = PBXFileReference; fileEncoding = 4; lastKnownFileType = sourcecode.c.objc; path = ABScript.m; sourceTree = "<group>"; };
		C604FA0B1850FA5F0076CC96 /* script.txt */ = {isa = PBXFileReference; fileEncoding = 4; lastKnownFileType = text; path = script.txt; sourceTree = "<group>"; };
		C605E1FF1888C99A007770E2 /* IMFeFlow1.otf */ = {isa = PBXFileReference; lastKnownFileType = file; path = IMFeFlow1.otf; sourceTree = "<group>"; };
		C605E2001888C99A007770E2 /* IMFeFlow2.otf */ = {isa = PBXFileReference; lastKnownFileType = file; path = IMFeFlow2.otf; sourceTree = "<group>"; };
		C60EB08818A5E9340090BBEB /* ABScriptWord.h */ = {isa = PBXFileReference; fileEncoding = 4; lastKnownFileType = sourcecode.c.h; path = ABScriptWord.h; sourceTree = "<group>"; };
		C60EB08918A5E9340090BBEB /* ABScriptWord.m */ = {isa = PBXFileReference; fileEncoding = 4; lastKnownFileType = sourcecode.c.objc; path = ABScriptWord.m; sourceTree = "<group>"; };
		C619F5F6185A55690073DD32 /* ABMatch.h */ = {isa = PBXFileReference; fileEncoding = 4; lastKnownFileType = sourcecode.c.h; path = ABMatch.h; sourceTree = "<group>"; };
		C619F5F7185A55690073DD32 /* ABMatch.m */ = {isa = PBXFileReference; fileEncoding = 4; lastKnownFileType = sourcecode.c.objc; path = ABMatch.m; sourceTree = "<group>"; };
		C63DF2E818A31861002D1EC4 /* ABGestureArrow.h */ = {isa = PBXFileReference; fileEncoding = 4; lastKnownFileType = sourcecode.c.h; path = ABGestureArrow.h; sourceTree = "<group>"; };
		C63DF2E918A31861002D1EC4 /* ABGestureArrow.m */ = {isa = PBXFileReference; fileEncoding = 4; lastKnownFileType = sourcecode.c.objc; path = ABGestureArrow.m; sourceTree = "<group>"; };
		C6446D251879F04200CFAA20 /* FeGPit27C.otf */ = {isa = PBXFileReference; lastKnownFileType = file; path = FeGPit27C.otf; sourceTree = "<group>"; };
		C6446D261879F04200CFAA20 /* FeGPrm27C.otf */ = {isa = PBXFileReference; lastKnownFileType = file; path = FeGPrm27C.otf; sourceTree = "<group>"; };
		C6591B28185D1B9E001144FC /* ABState.h */ = {isa = PBXFileReference; fileEncoding = 4; lastKnownFileType = sourcecode.c.h; path = ABState.h; sourceTree = "<group>"; };
		C6591B29185D1B9E001144FC /* ABState.m */ = {isa = PBXFileReference; fileEncoding = 4; lastKnownFileType = sourcecode.c.objc; path = ABState.m; sourceTree = "<group>"; };
		C6591B2B185D258F001144FC /* ABConstants.h */ = {isa = PBXFileReference; fileEncoding = 4; lastKnownFileType = sourcecode.c.h; path = ABConstants.h; sourceTree = "<group>"; };
		C6591B2C185D258F001144FC /* ABConstants.m */ = {isa = PBXFileReference; fileEncoding = 4; lastKnownFileType = sourcecode.c.objc; path = ABConstants.m; sourceTree = "<group>"; };
		C68B9ECE185FAF96007D2BDB /* libz.dylib */ = {isa = PBXFileReference; lastKnownFileType = "compiled.mach-o.dylib"; name = libz.dylib; path = usr/lib/libz.dylib; sourceTree = SDKROOT; };
		C68B9ED018615C7B007D2BDB /* word_list.txt */ = {isa = PBXFileReference; fileEncoding = 4; lastKnownFileType = text; path = word_list.txt; sourceTree = "<group>"; };
		C6A8B02918B9A628001D3C01 /* ABBlackCurtain.h */ = {isa = PBXFileReference; fileEncoding = 4; lastKnownFileType = sourcecode.c.h; path = ABBlackCurtain.h; sourceTree = "<group>"; };
		C6A8B02A18B9A628001D3C01 /* ABBlackCurtain.m */ = {isa = PBXFileReference; fileEncoding = 4; lastKnownFileType = sourcecode.c.objc; path = ABBlackCurtain.m; sourceTree = "<group>"; };
		C6A8B02D18BAB0EC001D3C01 /* ABUI.h */ = {isa = PBXFileReference; fileEncoding = 4; lastKnownFileType = sourcecode.c.h; path = ABUI.h; sourceTree = "<group>"; };
		C6A8B02E18BAB0EC001D3C01 /* ABUI.m */ = {isa = PBXFileReference; fileEncoding = 4; lastKnownFileType = sourcecode.c.objc; path = ABUI.m; sourceTree = "<group>"; };
		C6A9D9D8187B40D20087F956 /* QuartzCore.framework */ = {isa = PBXFileReference; lastKnownFileType = wrapper.framework; name = QuartzCore.framework; path = System/Library/Frameworks/QuartzCore.framework; sourceTree = SDKROOT; };
		C6A9D9DD187C5FBD0087F956 /* ABClock.h */ = {isa = PBXFileReference; fileEncoding = 4; lastKnownFileType = sourcecode.c.h; path = ABClock.h; sourceTree = "<group>"; };
		C6A9D9DE187C5FBD0087F956 /* ABClock.m */ = {isa = PBXFileReference; fileEncoding = 4; lastKnownFileType = sourcecode.c.objc; path = ABClock.m; sourceTree = "<group>"; };
		C6E739F2184BED4600A2A5C3 /* Abra.app */ = {isa = PBXFileReference; explicitFileType = wrapper.application; includeInIndex = 0; path = Abra.app; sourceTree = BUILT_PRODUCTS_DIR; };
		C6E739F6184BED4600A2A5C3 /* UIKit.framework */ = {isa = PBXFileReference; lastKnownFileType = wrapper.framework; name = UIKit.framework; path = System/Library/Frameworks/UIKit.framework; sourceTree = SDKROOT; };
		C6E739F8184BED4600A2A5C3 /* Foundation.framework */ = {isa = PBXFileReference; lastKnownFileType = wrapper.framework; name = Foundation.framework; path = System/Library/Frameworks/Foundation.framework; sourceTree = SDKROOT; };
		C6E739FA184BED4600A2A5C3 /* CoreGraphics.framework */ = {isa = PBXFileReference; lastKnownFileType = wrapper.framework; name = CoreGraphics.framework; path = System/Library/Frameworks/CoreGraphics.framework; sourceTree = SDKROOT; };
		C6E739FE184BED4600A2A5C3 /* Abra-Info.plist */ = {isa = PBXFileReference; lastKnownFileType = text.plist.xml; path = "Abra-Info.plist"; sourceTree = "<group>"; };
		C6E73A00184BED4600A2A5C3 /* en */ = {isa = PBXFileReference; lastKnownFileType = text.plist.strings; name = en; path = en.lproj/InfoPlist.strings; sourceTree = "<group>"; };
		C6E73A02184BED4600A2A5C3 /* main.m */ = {isa = PBXFileReference; lastKnownFileType = sourcecode.c.objc; path = main.m; sourceTree = "<group>"; };
		C6E73A04184BED4600A2A5C3 /* Abra-Prefix.pch */ = {isa = PBXFileReference; lastKnownFileType = sourcecode.c.h; path = "Abra-Prefix.pch"; sourceTree = "<group>"; };
		C6E73A05184BED4600A2A5C3 /* ABAppDelegate.h */ = {isa = PBXFileReference; lastKnownFileType = sourcecode.c.h; path = ABAppDelegate.h; sourceTree = "<group>"; };
		C6E73A06184BED4600A2A5C3 /* ABAppDelegate.m */ = {isa = PBXFileReference; lastKnownFileType = sourcecode.c.objc; path = ABAppDelegate.m; sourceTree = "<group>"; };
		C6E73A0F184BED4600A2A5C3 /* en */ = {isa = PBXFileReference; lastKnownFileType = file.storyboard; name = en; path = en.lproj/MainStoryboard.storyboard; sourceTree = "<group>"; };
		C6E73A11184BED4600A2A5C3 /* ABMainViewController.h */ = {isa = PBXFileReference; lastKnownFileType = sourcecode.c.h; path = ABMainViewController.h; sourceTree = "<group>"; };
		C6E73A12184BED4600A2A5C3 /* ABMainViewController.m */ = {isa = PBXFileReference; lastKnownFileType = sourcecode.c.objc; path = ABMainViewController.m; sourceTree = "<group>"; };
		C6E73A1C184BFA7400A2A5C3 /* ABWord.h */ = {isa = PBXFileReference; fileEncoding = 4; lastKnownFileType = sourcecode.c.h; path = ABWord.h; sourceTree = "<group>"; };
		C6E73A1D184BFA7400A2A5C3 /* ABWord.m */ = {isa = PBXFileReference; fileEncoding = 4; lastKnownFileType = sourcecode.c.objc; path = ABWord.m; sourceTree = "<group>"; };
		C6F76F891851220A00BCFAF3 /* ABLine.h */ = {isa = PBXFileReference; fileEncoding = 4; lastKnownFileType = sourcecode.c.h; path = ABLine.h; sourceTree = "<group>"; };
		C6F76F8A1851220A00BCFAF3 /* ABLine.m */ = {isa = PBXFileReference; fileEncoding = 4; lastKnownFileType = sourcecode.c.objc; path = ABLine.m; sourceTree = "<group>"; };
/* End PBXFileReference section */

/* Begin PBXFrameworksBuildPhase section */
		C6E739EF184BED4600A2A5C3 /* Frameworks */ = {
			isa = PBXFrameworksBuildPhase;
			buildActionMask = 2147483647;
			files = (
				075A1B2A1B4B13CD00ED6805 /* CoreData.framework in Frameworks */,
				07D1EA011B31E89B00DD0B5F /* libsqlite3.dylib in Frameworks */,
				C6A9D9D9187B40D20087F956 /* QuartzCore.framework in Frameworks */,
				C68B9ECF185FAF96007D2BDB /* libz.dylib in Frameworks */,
				C6E739F7184BED4600A2A5C3 /* UIKit.framework in Frameworks */,
				C6E739F9184BED4600A2A5C3 /* Foundation.framework in Frameworks */,
				C6E739FB184BED4600A2A5C3 /* CoreGraphics.framework in Frameworks */,
				A1110549E1C24A4CBFD6C0DB /* libPods-Abra.a in Frameworks */,
			);
			runOnlyForDeploymentPostprocessing = 0;
		};
/* End PBXFrameworksBuildPhase section */

/* Begin PBXGroup section */
		075B2AE21A9826CC00763915 /* UI */ = {
			isa = PBXGroup;
			children = (
				C6A8B02D18BAB0EC001D3C01 /* ABUI.h */,
				C6A8B02E18BAB0EC001D3C01 /* ABUI.m */,
				C63DF2E818A31861002D1EC4 /* ABGestureArrow.h */,
				C63DF2E918A31861002D1EC4 /* ABGestureArrow.m */,
			);
			name = UI;
			sourceTree = "<group>";
		};
		075B2AEE1A99483300763915 /* Helpers */ = {
			isa = PBXGroup;
			children = (
				07CC54FC1C41AA90009976E5 /* EmojiHelper.h */,
				07CC54FD1C41AA90009976E5 /* EmojiHelper.m */,
				07CC54FE1C41AA90009976E5 /* MyEmoji.h */,
				07CC54FF1C41AA90009976E5 /* MyEmoji.m */,
				07CC55001C41AA90009976E5 /* MyEmojiCategory.h */,
				07CC55011C41AA90009976E5 /* MyEmojiCategory.m */,
				C619F5F6185A55690073DD32 /* ABMatch.h */,
				C619F5F7185A55690073DD32 /* ABMatch.m */,
				07A1A7E81A9AE4B60047F7F3 /* emojis.h */,
				07B339BD1B4DFF9700D205C6 /* NSString+Tokenize.h */,
				07B339BE1B4DFF9700D205C6 /* NSString+Tokenize.m */,
				07B339AA1B4C4A0C00D205C6 /* NSString+ABExtras.h */,
				07B339AB1B4C4A0C00D205C6 /* NSString+ABExtras.m */,
			);
			name = Helpers;
			sourceTree = "<group>";
		};
		0763AFC61B4B6C0500701E99 /* etc */ = {
			isa = PBXGroup;
			children = (
				07CC54FA1C4194E7009976E5 /* abraData-greek */,
				07597B391B1408BF006F6B5E /* abraData-coreDiceDictionary */,
				C604FA0B1850FA5F0076CC96 /* script.txt */,
				C68B9ED018615C7B007D2BDB /* word_list.txt */,
				075A1B311B4B32AF00ED6805 /* dice_const.txt */,
				075B2AE31A992D9600763915 /* dice_errata.txt */,
				07C9242E19B56E0A00CCFC9C /* dice.txt */,
			);
			name = etc;
			sourceTree = "<group>";
		};
		077668CD1B404A2E002EFCE1 /* App icons */ = {
			isa = PBXGroup;
			children = (
				07B339741B4BA32200D205C6 /* Icon-16.png */,
				07B339751B4BA32200D205C6 /* Icon-24.png */,
				07B339761B4BA32200D205C6 /* Icon-32.png */,
				07B339771B4BA32200D205C6 /* Icon-40.png */,
				07B339781B4BA32200D205C6 /* Icon-40@2x.png */,
				07B339791B4BA32200D205C6 /* Icon-60.png */,
				07B3397A1B4BA32200D205C6 /* Icon-60@2x.png */,
				07B3397B1B4BA32200D205C6 /* Icon-60@3x.png */,
				07B3397C1B4BA32200D205C6 /* Icon-64.png */,
				07B3397D1B4BA32200D205C6 /* Icon-72.png */,
				07B3397E1B4BA32200D205C6 /* Icon-72@2x.png */,
				07B3397F1B4BA32200D205C6 /* Icon-76.png */,
				07B339801B4BA32200D205C6 /* Icon-76@2x.png */,
				07CC55051C41BD9A009976E5 /* Icon-83.5@2x.png */,
				07B339811B4BA32200D205C6 /* Icon-120.png */,
				07B339821B4BA32200D205C6 /* Icon-152.png */,
				07B339831B4BA32200D205C6 /* Icon-Small-40.png */,
				07B339841B4BA32200D205C6 /* Icon-Small-40@2x.png */,
				07B339851B4BA32200D205C6 /* Icon-Small-40@3x.png */,
				07B339861B4BA32200D205C6 /* Icon-Small-50.png */,
				07B339871B4BA32200D205C6 /* Icon-Small-50@2x.png */,
				07B339881B4BA32200D205C6 /* Icon-Small.png */,
				07B339891B4BA32200D205C6 /* Icon-Small@2x.png */,
				07B3398A1B4BA32200D205C6 /* Icon-Small@3x.png */,
				07B3398B1B4BA32200D205C6 /* Icon.png */,
				07B3398C1B4BA32200D205C6 /* Icon@2x.png */,
				07B3398D1B4BA32200D205C6 /* iTunesArtwork.png */,
				07B3398E1B4BA32200D205C6 /* iTunesArtwork@2x.png */,
			);
			name = "App icons";
			sourceTree = "<group>";
		};
		077668CF1B404A54002EFCE1 /* Launch images */ = {
			isa = PBXGroup;
			children = (
				07B339CC1B519CD100D205C6 /* EAB-splash-for-apps-2208.png */,
				07B339CE1B519E9000D205C6 /* EAB-splash-for-apps-1242.png */,
				07B339D01B519EBA00D205C6 /* EAB-splash-for-apps-750.png */,
				07A6E6511B42320A00A5231C /* Default.png */,
				07A6E64D1B4230FD00A5231C /* Default@2x.png */,
				07A6E64E1B4230FD00A5231C /* Default-568h@2x.png */,
				07B339D61B51A62300D205C6 /* DefaultLandscape-568h@2x.png */,
				07B339D71B51A62300D205C6 /* DefaultLandscape.png */,
				07B339D81B51A62300D205C6 /* DefaultLandscape@2x.png */,
				07B339D21B51A2E500D205C6 /* EAB-splash-for-apps-1024.png */,
				07AC9F351B40721A00DAB7FF /* EAB-splash-for-apps-2048.png */,
			);
			name = "Launch images";
			sourceTree = "<group>";
		};
		077668D01B404A6F002EFCE1 /* Black */ = {
			isa = PBXGroup;
			children = (
				075B2AF21A9ABC4B00763915 /* black_768x1024.png */,
				075B2AF31A9ABC4B00763915 /* black_1024x768.png */,
				075B2AF41A9ABC4B00763915 /* black_1536x2048.png */,
				075B2AF51A9ABC4B00763915 /* black_2048x1536.png */,
			);
			name = Black;
			sourceTree = "<group>";
		};
		077668D21B404A8C002EFCE1 /* Info view */ = {
			isa = PBXGroup;
			children = (
				07B339CA1B4F4BA000D205C6 /* abra_logos_12.png */,
				07B339C21B4F313900D205C6 /* abra_emboss_sub.png */,
				07B339C41B4F349300D205C6 /* artists_book_ipad.png */,
				07B339C51B4F349300D205C6 /* artists_book_iphone.png */,
			);
			name = "Info view";
			sourceTree = "<group>";
		};
		077668D31B404ABC002EFCE1 /* Buttons */ = {
			isa = PBXGroup;
			children = (
				07763B5F1B2677A40074F28B /* clear_button.png */,
			);
			name = Buttons;
			sourceTree = "<group>";
		};
		07B339B01B4C673C00D205C6 /* Active */ = {
			isa = PBXGroup;
			children = (
				07763B611B2773D20074F28B /* ABCadabra.h */,
				07763B621B2773D20074F28B /* ABCadabra.m */,
				075A1B241B4A1E4500ED6805 /* ABApprentice.h */,
				075A1B251B4A1E4500ED6805 /* ABApprentice.m */,
				075B2AE81A9945D200763915 /* ABMutate.h */,
				075B2AE91A9945D200763915 /* ABMutate.m */,
			);
			name = Active;
			sourceTree = "<group>";
		};
		07B339B11B4C677800D205C6 /* Data */ = {
			isa = PBXGroup;
			children = (
				075B2AC41A917D7F00763915 /* ABData.h */,
				075B2AC51A917D7F00763915 /* ABData.m */,
				07D1EA081B38EFDA00DD0B5F /* ABEmoji.h */,
				07D1EA091B38EFDA00DD0B5F /* ABEmoji.m */,
				07BF3FD71B250CD800B1D977 /* ABDice.h */,
				075B2AC61A917D7F00763915 /* ABDice.m */,
				C604FA051850F7790076CC96 /* ABScript.h */,
				C604FA061850F7790076CC96 /* ABScript.m */,
				C60EB08818A5E9340090BBEB /* ABScriptWord.h */,
				C60EB08918A5E9340090BBEB /* ABScriptWord.m */,
				075B2AEE1A99483300763915 /* Helpers */,
			);
			name = Data;
			sourceTree = "<group>";
		};
		07B7D29719AECE6A001194FD /* iCarousel */ = {
			isa = PBXGroup;
			children = (
				07B7D29819AECE6A001194FD /* iCarousel.h */,
				07B7D29919AECE6A001194FD /* iCarousel.m */,
			);
			path = iCarousel;
			sourceTree = "<group>";
		};
		07D1EA041B38831C00DD0B5F /* Modals */ = {
			isa = PBXGroup;
			children = (
				07763B5C1B266CBE0074F28B /* ABModal.h */,
				07763B5D1B266CBE0074F28B /* ABModal.m */,
				07B339AD1B4C5CFB00D205C6 /* ABModalContent.h */,
				07B339AE1B4C5CFB00D205C6 /* ABModalContent.m */,
				077668C81B3F5D91002EFCE1 /* ABFlow.h */,
				077668C91B3F5D91002EFCE1 /* ABFlow.m */,
				C6A8B02918B9A628001D3C01 /* ABBlackCurtain.h */,
				C6A8B02A18B9A628001D3C01 /* ABBlackCurtain.m */,
			);
			name = Modals;
			sourceTree = "<group>";
		};
		07D1EA051B38836600DD0B5F /* Icon Bar */ = {
			isa = PBXGroup;
			children = (
				07BF3FD91B25ED7800B1D977 /* ABIcon.h */,
				07BF3FDA1B25ED7800B1D977 /* ABIcon.m */,
				07BF3FDC1B25F39100B1D977 /* ABIconBar.h */,
				07BF3FDD1B25F39100B1D977 /* ABIconBar.m */,
			);
			name = "Icon Bar";
			sourceTree = "<group>";
		};
		3BE9751B18CC7DAA02185714 /* Pods */ = {
			isa = PBXGroup;
			children = (
				86BA78A39E5E2AD47EE37330 /* Pods-Abra.debug.xcconfig */,
				03D01643C5EB0DC7B45A27D7 /* Pods-Abra.release.xcconfig */,
			);
			name = Pods;
			sourceTree = "<group>";
		};
		C604FA031850E8340076CC96 /* Words & Lines */ = {
			isa = PBXGroup;
			children = (
				C6F76F891851220A00BCFAF3 /* ABLine.h */,
				C6F76F8A1851220A00BCFAF3 /* ABLine.m */,
				C6E73A1C184BFA7400A2A5C3 /* ABWord.h */,
				C6E73A1D184BFA7400A2A5C3 /* ABWord.m */,
			);
			name = "Words & Lines";
			sourceTree = "<group>";
		};
		C604FA041850F7550076CC96 /* Lexicon */ = {
			isa = PBXGroup;
			children = (
				07B339B01B4C673C00D205C6 /* Active */,
				07B339B11B4C677800D205C6 /* Data */,
			);
			name = Lexicon;
			sourceTree = "<group>";
		};
		C6591B25185D1AF5001144FC /* Model */ = {
			isa = PBXGroup;
			children = (
				C6591B28185D1B9E001144FC /* ABState.h */,
				C6591B29185D1B9E001144FC /* ABState.m */,
				C6591B2B185D258F001144FC /* ABConstants.h */,
				C6591B2C185D258F001144FC /* ABConstants.m */,
				C6A9D9DD187C5FBD0087F956 /* ABClock.h */,
				C6A9D9DE187C5FBD0087F956 /* ABClock.m */,
			);
			name = Model;
			sourceTree = "<group>";
		};
		C66636CC187DA6C70046E8DE /* Images */ = {
			isa = PBXGroup;
			children = (
				0763AFC71B4B792D00701E99 /* abra_twins.png */,
				077668D21B404A8C002EFCE1 /* Info view */,
				077668D31B404ABC002EFCE1 /* Buttons */,
				077668D01B404A6F002EFCE1 /* Black */,
				077668CF1B404A54002EFCE1 /* Launch images */,
				077668CD1B404A2E002EFCE1 /* App icons */,
			);
			name = Images;
			sourceTree = "<group>";
		};
		C66636CD187DA6CF0046E8DE /* Fonts */ = {
			isa = PBXGroup;
			children = (
				C605E1FF1888C99A007770E2 /* IMFeFlow1.otf */,
				C605E2001888C99A007770E2 /* IMFeFlow2.otf */,
				C6446D251879F04200CFAA20 /* FeGPit27C.otf */,
				C6446D261879F04200CFAA20 /* FeGPrm27C.otf */,
			);
			name = Fonts;
			sourceTree = "<group>";
		};
		C66636CE187DA6D50046E8DE /* Text Resources */ = {
			isa = PBXGroup;
			children = (
				07CC54F81C418707009976E5 /* words_greek.txt */,
				0717AA941B41E43100195527 /* magic_words.txt */,
				075A1B271B4A2DA100ED6805 /* spell_odds.txt */,
				0763AFC61B4B6C0500701E99 /* etc */,
			);
			name = "Text Resources";
			sourceTree = "<group>";
		};
		C66636CF187DA72D0046E8DE /* App */ = {
			isa = PBXGroup;
			children = (
				C6E739FF184BED4600A2A5C3 /* InfoPlist.strings */,
				C6E73A02184BED4600A2A5C3 /* main.m */,
				C6E73A04184BED4600A2A5C3 /* Abra-Prefix.pch */,
				C6E739FE184BED4600A2A5C3 /* Abra-Info.plist */,
			);
			name = App;
			sourceTree = "<group>";
		};
		C66636D0187DA7C00046E8DE /* Libraries */ = {
			isa = PBXGroup;
			children = (
			);
			name = Libraries;
			path = Abra;
			sourceTree = "<group>";
		};
		C66636D1187DA7EC0046E8DE /* Storyboard */ = {
			isa = PBXGroup;
			children = (
				C6E73A0E184BED4600A2A5C3 /* MainStoryboard.storyboard */,
			);
			name = Storyboard;
			sourceTree = "<group>";
		};
		C66636D2187DB4800046E8DE /* App Delegate */ = {
			isa = PBXGroup;
			children = (
				C6E73A05184BED4600A2A5C3 /* ABAppDelegate.h */,
				C6E73A06184BED4600A2A5C3 /* ABAppDelegate.m */,
				075A1B2B1B4B140600ED6805 /* ABCore_Data.xcdatamodeld */,
			);
			name = "App Delegate";
			sourceTree = "<group>";
		};
		C6A8B02C18B9A6BF001D3C01 /* Views */ = {
			isa = PBXGroup;
			children = (
				C604FA031850E8340076CC96 /* Words & Lines */,
				07D1EA051B38836600DD0B5F /* Icon Bar */,
				07D1EA041B38831C00DD0B5F /* Modals */,
				075B2AE21A9826CC00763915 /* UI */,
			);
			name = Views;
			sourceTree = "<group>";
		};
		C6E739E7184BED4600A2A5C3 = {
			isa = PBXGroup;
			children = (
				0718D1DE1B24D96C004EC1D2 /* Images.xcassets */,
				C6E739FC184BED4600A2A5C3 /* Abra */,
				C6E739F3184BED4600A2A5C3 /* Products */,
				C68B9ECE185FAF96007D2BDB /* libz.dylib */,
				F1D00BA050EE485A8C827466 /* Frameworks */,
				3BE9751B18CC7DAA02185714 /* Pods */,
			);
			sourceTree = "<group>";
		};
		C6E739F3184BED4600A2A5C3 /* Products */ = {
			isa = PBXGroup;
			children = (
				C6E739F2184BED4600A2A5C3 /* Abra.app */,
			);
			name = Products;
			sourceTree = "<group>";
		};
		C6E739F5184BED4600A2A5C3 /* Frameworks & Libs */ = {
			isa = PBXGroup;
			children = (
				C66636D0187DA7C00046E8DE /* Libraries */,
				C6E739F6184BED4600A2A5C3 /* UIKit.framework */,
				C6E739F8184BED4600A2A5C3 /* Foundation.framework */,
				C6A9D9D8187B40D20087F956 /* QuartzCore.framework */,
				C6E739FA184BED4600A2A5C3 /* CoreGraphics.framework */,
			);
			name = "Frameworks & Libs";
			path = ..;
			sourceTree = "<group>";
		};
		C6E739FC184BED4600A2A5C3 /* Abra */ = {
			isa = PBXGroup;
			children = (
				C66636D2187DB4800046E8DE /* App Delegate */,
				C6E73A11184BED4600A2A5C3 /* ABMainViewController.h */,
				C6E73A12184BED4600A2A5C3 /* ABMainViewController.m */,
				C6591B25185D1AF5001144FC /* Model */,
				C604FA041850F7550076CC96 /* Lexicon */,
				C6A8B02C18B9A6BF001D3C01 /* Views */,
				C6E739FD184BED4600A2A5C3 /* Supporting Files */,
				C66636D1187DA7EC0046E8DE /* Storyboard */,
				C6E739F5184BED4600A2A5C3 /* Frameworks & Libs */,
			);
			path = Abra;
			sourceTree = "<group>";
		};
		C6E739FD184BED4600A2A5C3 /* Supporting Files */ = {
			isa = PBXGroup;
			children = (
				07B7D29719AECE6A001194FD /* iCarousel */,
				C66636CE187DA6D50046E8DE /* Text Resources */,
				C66636CC187DA6C70046E8DE /* Images */,
				C66636CD187DA6CF0046E8DE /* Fonts */,
				C66636CF187DA72D0046E8DE /* App */,
			);
			name = "Supporting Files";
			sourceTree = "<group>";
		};
		F1D00BA050EE485A8C827466 /* Frameworks */ = {
			isa = PBXGroup;
			children = (
				075A1B291B4B13CD00ED6805 /* CoreData.framework */,
				07D1EA001B31E89B00DD0B5F /* libsqlite3.dylib */,
				84407B0D15CE45E5804EAEEE /* libPods-Abra.a */,
			);
			name = Frameworks;
			sourceTree = "<group>";
		};
/* End PBXGroup section */

/* Begin PBXNativeTarget section */
		C6E739F1184BED4600A2A5C3 /* Abra */ = {
			isa = PBXNativeTarget;
			buildConfigurationList = C6E73A16184BED4600A2A5C3 /* Build configuration list for PBXNativeTarget "Abra" */;
			buildPhases = (
				805C2EB8EAF44509B5A82B76 /* Check Pods Manifest.lock */,
				C6E739EE184BED4600A2A5C3 /* Sources */,
				C6E739EF184BED4600A2A5C3 /* Frameworks */,
				C6E739F0184BED4600A2A5C3 /* Resources */,
				6FD702142E5A45B59F4F8F6B /* Copy Pods Resources */,
			);
			buildRules = (
			);
			dependencies = (
			);
			name = Abra;
			productName = Abra;
			productReference = C6E739F2184BED4600A2A5C3 /* Abra.app */;
			productType = "com.apple.product-type.application";
		};
/* End PBXNativeTarget section */

/* Begin PBXProject section */
		C6E739E9184BED4600A2A5C3 /* Project object */ = {
			isa = PBXProject;
			attributes = {
				CLASSPREFIX = abra;
				LastUpgradeCheck = 0830;
				ORGANIZATIONNAME = "Ian Hatcher";
				TargetAttributes = {
					C6E739F1184BED4600A2A5C3 = {
						DevelopmentTeam = U595KEB552;
					};
				};
			};
			buildConfigurationList = C6E739EC184BED4600A2A5C3 /* Build configuration list for PBXProject "Abra" */;
			compatibilityVersion = "Xcode 3.2";
			developmentRegion = English;
			hasScannedForEncodings = 0;
			knownRegions = (
				en,
			);
			mainGroup = C6E739E7184BED4600A2A5C3;
			productRefGroup = C6E739F3184BED4600A2A5C3 /* Products */;
			projectDirPath = "";
			projectRoot = "";
			targets = (
				C6E739F1184BED4600A2A5C3 /* Abra */,
			);
		};
/* End PBXProject section */

/* Begin PBXResourcesBuildPhase section */
		C6E739F0184BED4600A2A5C3 /* Resources */ = {
			isa = PBXResourcesBuildPhase;
			buildActionMask = 2147483647;
			files = (
				07B3399E1B4BA32200D205C6 /* Icon-Small-40.png in Resources */,
				07B339DB1B51A62300D205C6 /* DefaultLandscape@2x.png in Resources */,
				07B3399A1B4BA32200D205C6 /* Icon-76.png in Resources */,
				C605E2011888C99A007770E2 /* IMFeFlow1.otf in Resources */,
				07B339901B4BA32200D205C6 /* Icon-24.png in Resources */,
				07B339931B4BA32200D205C6 /* Icon-40@2x.png in Resources */,
				07B339CD1B519CD100D205C6 /* EAB-splash-for-apps-2208.png in Resources */,
				0763AFC81B4B792D00701E99 /* abra_twins.png in Resources */,
				07B339A61B4BA32200D205C6 /* Icon.png in Resources */,
				07597B3A1B1408BF006F6B5E /* abraData-coreDiceDictionary in Resources */,
				07B339971B4BA32200D205C6 /* Icon-64.png in Resources */,
				07CC55061C41BD9A009976E5 /* Icon-83.5@2x.png in Resources */,
				C68B9ED118615C7B007D2BDB /* word_list.txt in Resources */,
				07B339941B4BA32200D205C6 /* Icon-60.png in Resources */,
				07B3399B1B4BA32200D205C6 /* Icon-76@2x.png in Resources */,
				07B339CB1B4F4BA000D205C6 /* abra_logos_12.png in Resources */,
				07CC54F91C418707009976E5 /* words_greek.txt in Resources */,
				C6E73A01184BED4600A2A5C3 /* InfoPlist.strings in Resources */,
				07A6E6521B42320A00A5231C /* Default.png in Resources */,
				07B339961B4BA32200D205C6 /* Icon-60@3x.png in Resources */,
				07B339D91B51A62300D205C6 /* DefaultLandscape-568h@2x.png in Resources */,
				07AC9F361B40721A00DAB7FF /* EAB-splash-for-apps-2048.png in Resources */,
				07B339981B4BA32200D205C6 /* Icon-72.png in Resources */,
				C605E2021888C99A007770E2 /* IMFeFlow2.otf in Resources */,
				07B3398F1B4BA32200D205C6 /* Icon-16.png in Resources */,
				07B339DA1B51A62300D205C6 /* DefaultLandscape.png in Resources */,
				07B339D31B51A2E500D205C6 /* EAB-splash-for-apps-1024.png in Resources */,
				07B339911B4BA32200D205C6 /* Icon-32.png in Resources */,
				07B3399C1B4BA32200D205C6 /* Icon-120.png in Resources */,
				07B339A21B4BA32200D205C6 /* Icon-Small-50@2x.png in Resources */,
				07A6E64F1B4230FD00A5231C /* Default@2x.png in Resources */,
				075A1B321B4B32AF00ED6805 /* dice_const.txt in Resources */,
				07C9242F19B56E0A00CCFC9C /* dice.txt in Resources */,
				07B339D11B519EBA00D205C6 /* EAB-splash-for-apps-750.png in Resources */,
				07B339A51B4BA32200D205C6 /* Icon-Small@3x.png in Resources */,
				07B339C61B4F349300D205C6 /* artists_book_ipad.png in Resources */,
				07B339951B4BA32200D205C6 /* Icon-60@2x.png in Resources */,
				075B2AF91A9ABC4B00763915 /* black_768x1024.png in Resources */,
				C6446D281879F04200CFAA20 /* FeGPrm27C.otf in Resources */,
				0717AA951B41E43100195527 /* magic_words.txt in Resources */,
				07A6E6501B4230FD00A5231C /* Default-568h@2x.png in Resources */,
				07B339A31B4BA32200D205C6 /* Icon-Small.png in Resources */,
				0718D1DF1B24D96C004EC1D2 /* Images.xcassets in Resources */,
				07763B601B2677A40074F28B /* clear_button.png in Resources */,
				07B339A81B4BA32200D205C6 /* iTunesArtwork.png in Resources */,
				07B3399D1B4BA32200D205C6 /* Icon-152.png in Resources */,
				075B2AE41A992D9600763915 /* dice_errata.txt in Resources */,
				075A1B281B4A2DA100ED6805 /* spell_odds.txt in Resources */,
				07B339991B4BA32200D205C6 /* Icon-72@2x.png in Resources */,
				075B2AFB1A9ABC4B00763915 /* black_1536x2048.png in Resources */,
				07B339A71B4BA32200D205C6 /* Icon@2x.png in Resources */,
				C604FA0C1850FA5F0076CC96 /* script.txt in Resources */,
				07B339A41B4BA32200D205C6 /* Icon-Small@2x.png in Resources */,
				07CC54FB1C4194E7009976E5 /* abraData-greek in Resources */,
				07B339A91B4BA32200D205C6 /* iTunesArtwork@2x.png in Resources */,
				07B3399F1B4BA32200D205C6 /* Icon-Small-40@2x.png in Resources */,
				075B2AFC1A9ABC4B00763915 /* black_2048x1536.png in Resources */,
				07B339C71B4F349300D205C6 /* artists_book_iphone.png in Resources */,
				07B339A01B4BA32200D205C6 /* Icon-Small-40@3x.png in Resources */,
				C6E73A10184BED4600A2A5C3 /* MainStoryboard.storyboard in Resources */,
				07B339C31B4F313900D205C6 /* abra_emboss_sub.png in Resources */,
				C6446D271879F04200CFAA20 /* FeGPit27C.otf in Resources */,
				075B2AFA1A9ABC4B00763915 /* black_1024x768.png in Resources */,
				07B339A11B4BA32200D205C6 /* Icon-Small-50.png in Resources */,
				07B339CF1B519E9000D205C6 /* EAB-splash-for-apps-1242.png in Resources */,
				07B339921B4BA32200D205C6 /* Icon-40.png in Resources */,
			);
			runOnlyForDeploymentPostprocessing = 0;
		};
/* End PBXResourcesBuildPhase section */

/* Begin PBXShellScriptBuildPhase section */
		6FD702142E5A45B59F4F8F6B /* Copy Pods Resources */ = {
			isa = PBXShellScriptBuildPhase;
			buildActionMask = 2147483647;
			files = (
			);
			inputPaths = (
			);
			name = "Copy Pods Resources";
			outputPaths = (
			);
			runOnlyForDeploymentPostprocessing = 0;
			shellPath = /bin/sh;
			shellScript = "\"${SRCROOT}/Pods/Target Support Files/Pods-Abra/Pods-Abra-resources.sh\"\n";
			showEnvVarsInLog = 0;
		};
		805C2EB8EAF44509B5A82B76 /* Check Pods Manifest.lock */ = {
			isa = PBXShellScriptBuildPhase;
			buildActionMask = 2147483647;
			files = (
			);
			inputPaths = (
			);
			name = "Check Pods Manifest.lock";
			outputPaths = (
			);
			runOnlyForDeploymentPostprocessing = 0;
			shellPath = /bin/sh;
			shellScript = "diff \"${PODS_ROOT}/../Podfile.lock\" \"${PODS_ROOT}/Manifest.lock\" > /dev/null\nif [[ $? != 0 ]] ; then\n    cat << EOM\nerror: The sandbox is not in sync with the Podfile.lock. Run 'pod install' or update your CocoaPods installation.\nEOM\n    exit 1\nfi\n";
			showEnvVarsInLog = 0;
		};
/* End PBXShellScriptBuildPhase section */

/* Begin PBXSourcesBuildPhase section */
		C6E739EE184BED4600A2A5C3 /* Sources */ = {
			isa = PBXSourcesBuildPhase;
			buildActionMask = 2147483647;
			files = (
				07CC55031C41AA90009976E5 /* MyEmoji.m in Sources */,
				075B2AC71A917D7F00763915 /* ABData.m in Sources */,
				C63DF2EA18A31861002D1EC4 /* ABGestureArrow.m in Sources */,
				075A1B2D1B4B140600ED6805 /* ABCore_Data.xcdatamodeld in Sources */,
				C6A8B02B18B9A628001D3C01 /* ABBlackCurtain.m in Sources */,
				C6591B2D185D258F001144FC /* ABConstants.m in Sources */,
				C604FA071850F7790076CC96 /* ABScript.m in Sources */,
				C6E73A03184BED4600A2A5C3 /* main.m in Sources */,
				C6E73A07184BED4600A2A5C3 /* ABAppDelegate.m in Sources */,
				07B339AC1B4C4A0C00D205C6 /* NSString+ABExtras.m in Sources */,
				C619F5F8185A55690073DD32 /* ABMatch.m in Sources */,
				C6F76F8B1851220A00BCFAF3 /* ABLine.m in Sources */,
				07CC55041C41AA90009976E5 /* MyEmojiCategory.m in Sources */,
				C6E73A13184BED4600A2A5C3 /* ABMainViewController.m in Sources */,
				075B2AEA1A9945D200763915 /* ABMutate.m in Sources */,
				07763B5E1B266CBE0074F28B /* ABModal.m in Sources */,
				07B7D29A19AECE6A001194FD /* iCarousel.m in Sources */,
				07CC55021C41AA90009976E5 /* EmojiHelper.m in Sources */,
				C6591B2A185D1B9E001144FC /* ABState.m in Sources */,
				077668CA1B3F5D91002EFCE1 /* ABFlow.m in Sources */,
				075A1B261B4A1E4500ED6805 /* ABApprentice.m in Sources */,
				C6E73A1E184BFA7400A2A5C3 /* ABWord.m in Sources */,
				C60EB08A18A5E9340090BBEB /* ABScriptWord.m in Sources */,
				C6A9D9DF187C5FBD0087F956 /* ABClock.m in Sources */,
				07BF3FDB1B25ED7800B1D977 /* ABIcon.m in Sources */,
				07D1EA0A1B38EFDA00DD0B5F /* ABEmoji.m in Sources */,
				07B339BF1B4DFF9700D205C6 /* NSString+Tokenize.m in Sources */,
				07BF3FDE1B25F39100B1D977 /* ABIconBar.m in Sources */,
				075B2AC81A917D7F00763915 /* ABDice.m in Sources */,
				C6A8B02F18BAB0EC001D3C01 /* ABUI.m in Sources */,
				07B339AF1B4C5CFB00D205C6 /* ABModalContent.m in Sources */,
				07763B631B2773D20074F28B /* ABCadabra.m in Sources */,
			);
			runOnlyForDeploymentPostprocessing = 0;
		};
/* End PBXSourcesBuildPhase section */

/* Begin PBXVariantGroup section */
		C6E739FF184BED4600A2A5C3 /* InfoPlist.strings */ = {
			isa = PBXVariantGroup;
			children = (
				C6E73A00184BED4600A2A5C3 /* en */,
			);
			name = InfoPlist.strings;
			sourceTree = "<group>";
		};
		C6E73A0E184BED4600A2A5C3 /* MainStoryboard.storyboard */ = {
			isa = PBXVariantGroup;
			children = (
				C6E73A0F184BED4600A2A5C3 /* en */,
			);
			name = MainStoryboard.storyboard;
			sourceTree = "<group>";
		};
/* End PBXVariantGroup section */

/* Begin XCBuildConfiguration section */
		C6E73A14184BED4600A2A5C3 /* Debug */ = {
			isa = XCBuildConfiguration;
			buildSettings = {
				ALWAYS_SEARCH_USER_PATHS = NO;
				CLANG_CXX_LANGUAGE_STANDARD = "gnu++0x";
				CLANG_CXX_LIBRARY = "libc++";
				CLANG_ENABLE_OBJC_ARC = YES;
				CLANG_WARN_BOOL_CONVERSION = YES;
				CLANG_WARN_CONSTANT_CONVERSION = YES;
				CLANG_WARN_EMPTY_BODY = YES;
				CLANG_WARN_ENUM_CONVERSION = YES;
				CLANG_WARN_INFINITE_RECURSION = YES;
				CLANG_WARN_INT_CONVERSION = YES;
				CLANG_WARN_SUSPICIOUS_MOVE = YES;
				CLANG_WARN_UNREACHABLE_CODE = YES;
				CLANG_WARN__DUPLICATE_METHOD_MATCH = YES;
				CODE_SIGN_IDENTITY = "iPhone Developer: Ian Hatcher (94X5W3RLKG)";
				"CODE_SIGN_IDENTITY[sdk=iphoneos*]" = "iPhone Developer";
				COPY_PHASE_STRIP = NO;
				ENABLE_STRICT_OBJC_MSGSEND = YES;
				ENABLE_TESTABILITY = YES;
				GCC_C_LANGUAGE_STANDARD = gnu99;
				GCC_DYNAMIC_NO_PIC = NO;
				GCC_NO_COMMON_BLOCKS = YES;
				GCC_OPTIMIZATION_LEVEL = 0;
				GCC_PREPROCESSOR_DEFINITIONS = (
					"DEBUG=1",
					"$(inherited)",
				);
				GCC_SYMBOLS_PRIVATE_EXTERN = NO;
				GCC_WARN_64_TO_32_BIT_CONVERSION = YES;
				GCC_WARN_ABOUT_RETURN_TYPE = YES;
				GCC_WARN_UNDECLARED_SELECTOR = YES;
				GCC_WARN_UNINITIALIZED_AUTOS = YES;
				GCC_WARN_UNUSED_FUNCTION = YES;
				GCC_WARN_UNUSED_VARIABLE = YES;
				IPHONEOS_DEPLOYMENT_TARGET = 8.0;
				ONLY_ACTIVE_ARCH = YES;
				SDKROOT = iphoneos;
				TARGETED_DEVICE_FAMILY = 2;
			};
			name = Debug;
		};
		C6E73A15184BED4600A2A5C3 /* Release */ = {
			isa = XCBuildConfiguration;
			buildSettings = {
				ALWAYS_SEARCH_USER_PATHS = NO;
				CLANG_CXX_LANGUAGE_STANDARD = "gnu++0x";
				CLANG_CXX_LIBRARY = "libc++";
				CLANG_ENABLE_OBJC_ARC = YES;
				CLANG_WARN_BOOL_CONVERSION = YES;
				CLANG_WARN_CONSTANT_CONVERSION = YES;
				CLANG_WARN_EMPTY_BODY = YES;
				CLANG_WARN_ENUM_CONVERSION = YES;
				CLANG_WARN_INFINITE_RECURSION = YES;
				CLANG_WARN_INT_CONVERSION = YES;
				CLANG_WARN_SUSPICIOUS_MOVE = YES;
				CLANG_WARN_UNREACHABLE_CODE = YES;
				CLANG_WARN__DUPLICATE_METHOD_MATCH = YES;
				CODE_SIGN_IDENTITY = "iPhone Developer: Ian Hatcher (94X5W3RLKG)";
				"CODE_SIGN_IDENTITY[sdk=iphoneos*]" = "iPhone Developer";
				COPY_PHASE_STRIP = YES;
				ENABLE_STRICT_OBJC_MSGSEND = YES;
				GCC_C_LANGUAGE_STANDARD = gnu99;
				GCC_NO_COMMON_BLOCKS = YES;
				GCC_WARN_64_TO_32_BIT_CONVERSION = YES;
				GCC_WARN_ABOUT_RETURN_TYPE = YES;
				GCC_WARN_UNDECLARED_SELECTOR = YES;
				GCC_WARN_UNINITIALIZED_AUTOS = YES;
				GCC_WARN_UNUSED_FUNCTION = YES;
				GCC_WARN_UNUSED_VARIABLE = YES;
				IPHONEOS_DEPLOYMENT_TARGET = 8.0;
				OTHER_CFLAGS = "-DNS_BLOCK_ASSERTIONS=1";
				SDKROOT = iphoneos;
				TARGETED_DEVICE_FAMILY = 2;
				VALIDATE_PRODUCT = YES;
			};
			name = Release;
		};
		C6E73A17184BED4600A2A5C3 /* Debug */ = {
			isa = XCBuildConfiguration;
			baseConfigurationReference = 86BA78A39E5E2AD47EE37330 /* Pods-Abra.debug.xcconfig */;
			buildSettings = {
				ASSETCATALOG_COMPILER_APPICON_NAME = AppIcon;
				ASSETCATALOG_COMPILER_LAUNCHIMAGE_NAME = LaunchImages;
				CODE_SIGN_IDENTITY = "iPhone Distribution: Ian Hatcher (U595KEB552)";
				"CODE_SIGN_IDENTITY[sdk=*]" = "iPhone Distribution: Ian Hatcher (U595KEB552)";
				"CODE_SIGN_IDENTITY[sdk=iphoneos*]" = "iPhone Developer";
				GCC_PRECOMPILE_PREFIX_HEADER = YES;
				GCC_PREFIX_HEADER = "Abra/Abra-Prefix.pch";
				INFOPLIST_FILE = "Abra/Abra-Info.plist";
				IPHONEOS_DEPLOYMENT_TARGET = 8.0;
				LIBRARY_SEARCH_PATHS = (
					"$(inherited)",
					"/Users/ianhatcher/Documents/obj-c/Abra/Abra",
				);
				PRODUCT_BUNDLE_IDENTIFIER = com.ihatch.abra;
				PRODUCT_NAME = "$(TARGET_NAME)";
				PROVISIONING_PROFILE = "";
				TARGETED_DEVICE_FAMILY = "1,2";
				WRAPPER_EXTENSION = app;
			};
			name = Debug;
		};
		C6E73A18184BED4600A2A5C3 /* Release */ = {
			isa = XCBuildConfiguration;
			baseConfigurationReference = 03D01643C5EB0DC7B45A27D7 /* Pods-Abra.release.xcconfig */;
			buildSettings = {
				ASSETCATALOG_COMPILER_APPICON_NAME = AppIcon;
				ASSETCATALOG_COMPILER_LAUNCHIMAGE_NAME = LaunchImages;
				CODE_SIGN_IDENTITY = "iPhone Developer";
				"CODE_SIGN_IDENTITY[sdk=iphoneos*]" = "iPhone Developer";
				GCC_PRECOMPILE_PREFIX_HEADER = YES;
				GCC_PREFIX_HEADER = "Abra/Abra-Prefix.pch";
				INFOPLIST_FILE = "Abra/Abra-Info.plist";
				IPHONEOS_DEPLOYMENT_TARGET = 8.0;
				LIBRARY_SEARCH_PATHS = (
					"$(inherited)",
					"/Users/ianhatcher/Documents/obj-c/Abra/Abra",
				);
				PRODUCT_BUNDLE_IDENTIFIER = com.ihatch.abra;
				PRODUCT_NAME = "$(TARGET_NAME)";
				PROVISIONING_PROFILE = "";
				TARGETED_DEVICE_FAMILY = "1,2";
				WRAPPER_EXTENSION = app;
			};
			name = Release;
		};
/* End XCBuildConfiguration section */

/* Begin XCConfigurationList section */
		C6E739EC184BED4600A2A5C3 /* Build configuration list for PBXProject "Abra" */ = {
			isa = XCConfigurationList;
			buildConfigurations = (
				C6E73A14184BED4600A2A5C3 /* Debug */,
				C6E73A15184BED4600A2A5C3 /* Release */,
			);
			defaultConfigurationIsVisible = 0;
			defaultConfigurationName = Release;
		};
		C6E73A16184BED4600A2A5C3 /* Build configuration list for PBXNativeTarget "Abra" */ = {
			isa = XCConfigurationList;
			buildConfigurations = (
				C6E73A17184BED4600A2A5C3 /* Debug */,
				C6E73A18184BED4600A2A5C3 /* Release */,
			);
			defaultConfigurationIsVisible = 0;
			defaultConfigurationName = Release;
		};
/* End XCConfigurationList section */

/* Begin XCVersionGroup section */
		075A1B2B1B4B140600ED6805 /* ABCore_Data.xcdatamodeld */ = {
			isa = XCVersionGroup;
			children = (
				075A1B2C1B4B140600ED6805 /* ABCore_Data.xcdatamodel */,
			);
			currentVersion = 075A1B2C1B4B140600ED6805 /* ABCore_Data.xcdatamodel */;
			path = ABCore_Data.xcdatamodeld;
			sourceTree = "<group>";
			versionGroupType = wrapper.xcdatamodel;
		};
/* End XCVersionGroup section */
	};
	rootObject = C6E739E9184BED4600A2A5C3 /* Project object */;
}
